
Microsoft Visual Studio Solution File, Format Version 12.00
# Visual Studio Version 17
VisualStudioVersion = 17.9.34616.47
MinimumVisualStudioVersion = 10.0.40219.1
Project("{FAE04EC0-301F-11D3-BF4B-00C04F79EFBC}") = "Week2", "Week2\Week2.csproj", "{D4868A24-A945-4C3D-81CB-FED57C330597}"
EndProject
Project("{FAE04EC0-301F-11D3-BF4B-00C04F79EFBC}") = "UserGenderValidation", "UserAgeValidation\UserGenderValidation.csproj", "{977D617B-98AF-475C-8F80-A2FE809B7497}"
EndProject
Project("{FAE04EC0-301F-11D3-BF4B-00C04F79EFBC}") = "GenderAgeValidation", "GenderAgeValidation\GenderAgeValidation.csproj", "{78D35976-2B22-43F8-BB24-C2E3B9FAF91D}"
EndProject
Global
	GlobalSection(SolutionConfigurationPlatforms) = preSolution
		Debug|Any CPU = Debug|Any CPU
		Release|Any CPU = Release|Any CPU
	EndGlobalSection
	GlobalSection(ProjectConfigurationPlatforms) = postSolution
		{D4868A24-A945-4C3D-81CB-FED57C330597}.Debug|Any CPU.ActiveCfg = Debug|Any CPU
		{D4868A24-A945-4C3D-81CB-FED57C330597}.Debug|Any CPU.Build.0 = Debug|Any CPU
		{D4868A24-A945-4C3D-81CB-FED57C330597}.Release|Any CPU.ActiveCfg = Release|Any CPU
		{D4868A24-A945-4C3D-81CB-FED57C330597}.Release|Any CPU.Build.0 = Release|Any CPU
		{977D617B-98AF-475C-8F80-A2FE809B7497}.Debug|Any CPU.ActiveCfg = Debug|Any CPU
		{977D617B-98AF-475C-8F80-A2FE809B7497}.Debug|Any CPU.Build.0 = Debug|Any CPU
		{977D617B-98AF-475C-8F80-A2FE809B7497}.Release|Any CPU.ActiveCfg = Release|Any CPU
		{977D617B-98AF-475C-8F80-A2FE809B7497}.Release|Any CPU.Build.0 = Release|Any CPU
		{78D35976-2B22-43F8-BB24-C2E3B9FAF91D}.Debug|Any CPU.ActiveCfg = Debug|Any CPU
		{78D35976-2B22-43F8-BB24-C2E3B9FAF91D}.Debug|Any CPU.Build.0 = Debug|Any CPU
		{78D35976-2B22-43F8-BB24-C2E3B9FAF91D}.Release|Any CPU.ActiveCfg = Release|Any CPU
		{78D35976-2B22-43F8-BB24-C2E3B9FAF91D}.Release|Any CPU.Build.0 = Release|Any CPU
	EndGlobalSection
	GlobalSection(SolutionProperties) = preSolution
		HideSolutionNode = FALSE
	EndGlobalSection
	GlobalSection(ExtensibilityGlobals) = postSolution
		SolutionGuid = {736EBED3-88BB-4D0B-96A0-42304A9B5FBD}
	EndGlobalSection
EndGlobal
